
Microsoft Visual Studio Solution File, Format Version 12.00
# Visual Studio Version 17
VisualStudioVersion = 17.1.32421.90
MinimumVisualStudioVersion = 10.0.40219.1
Project("{FAE04EC0-301F-11D3-BF4B-00C04F79EFBC}") = "YuhanTalk", "YuhanTalk\YuhanTalk.csproj", "{C0B4FF70-DE73-4125-8CC1-74D628171A01}"
EndProject
Project("{FAE04EC0-301F-11D3-BF4B-00C04F79EFBC}") = "YuhanTalkModule", "YuhanTalkModule\YuhanTalkModule.csproj", "{3714367C-FC8D-48D2-9E43-E2FDC9D54655}"
EndProject
Project("{FAE04EC0-301F-11D3-BF4B-00C04F79EFBC}") = "YuhanTalkServer", "YuhanTalkServer\YuhanTalkServer.csproj", "{BACB1CC8-ECCE-4E9C-81FD-37405E2A37B3}"
EndProject
Global
	GlobalSection(SolutionConfigurationPlatforms) = preSolution
		Debug|Any CPU = Debug|Any CPU
		Release|Any CPU = Release|Any CPU
	EndGlobalSection
	GlobalSection(ProjectConfigurationPlatforms) = postSolution
		{C0B4FF70-DE73-4125-8CC1-74D628171A01}.Debug|Any CPU.ActiveCfg = Debug|Any CPU
		{C0B4FF70-DE73-4125-8CC1-74D628171A01}.Debug|Any CPU.Build.0 = Debug|Any CPU
		{C0B4FF70-DE73-4125-8CC1-74D628171A01}.Release|Any CPU.ActiveCfg = Release|Any CPU
		{C0B4FF70-DE73-4125-8CC1-74D628171A01}.Release|Any CPU.Build.0 = Release|Any CPU
		{3714367C-FC8D-48D2-9E43-E2FDC9D54655}.Debug|Any CPU.ActiveCfg = Debug|Any CPU
		{3714367C-FC8D-48D2-9E43-E2FDC9D54655}.Debug|Any CPU.Build.0 = Debug|Any CPU
		{3714367C-FC8D-48D2-9E43-E2FDC9D54655}.Release|Any CPU.ActiveCfg = Release|Any CPU
		{3714367C-FC8D-48D2-9E43-E2FDC9D54655}.Release|Any CPU.Build.0 = Release|Any CPU
		{BACB1CC8-ECCE-4E9C-81FD-37405E2A37B3}.Debug|Any CPU.ActiveCfg = Debug|Any CPU
		{BACB1CC8-ECCE-4E9C-81FD-37405E2A37B3}.Debug|Any CPU.Build.0 = Debug|Any CPU
		{BACB1CC8-ECCE-4E9C-81FD-37405E2A37B3}.Release|Any CPU.ActiveCfg = Release|Any CPU
		{BACB1CC8-ECCE-4E9C-81FD-37405E2A37B3}.Release|Any CPU.Build.0 = Release|Any CPU
	EndGlobalSection
	GlobalSection(SolutionProperties) = preSolution
		HideSolutionNode = FALSE
	EndGlobalSection
	GlobalSection(ExtensibilityGlobals) = postSolution
		SolutionGuid = {A92D3865-F945-4F75-BD04-348DF5C180DC}
	EndGlobalSection
EndGlobal
